
Microsoft Visual Studio Solution File, Format Version 12.00
# Visual Studio Version 16
VisualStudioVersion = 16.0.31729.503
MinimumVisualStudioVersion = 10.0.40219.1
Project("{FAE04EC0-301F-11D3-BF4B-00C04F79EFBC}") = "Problema13", "Problema13\Problema13.csproj", "{A044E0A3-85C0-4F5D-919B-DCC43EA8CE78}"
EndProject
Global
	GlobalSection(SolutionConfigurationPlatforms) = preSolution
		Debug|Any CPU = Debug|Any CPU
		Release|Any CPU = Release|Any CPU
	EndGlobalSection
	GlobalSection(ProjectConfigurationPlatforms) = postSolution
		{A044E0A3-85C0-4F5D-919B-DCC43EA8CE78}.Debug|Any CPU.ActiveCfg = Debug|Any CPU
		{A044E0A3-85C0-4F5D-919B-DCC43EA8CE78}.Debug|Any CPU.Build.0 = Debug|Any CPU
		{A044E0A3-85C0-4F5D-919B-DCC43EA8CE78}.Release|Any CPU.ActiveCfg = Release|Any CPU
		{A044E0A3-85C0-4F5D-919B-DCC43EA8CE78}.Release|Any CPU.Build.0 = Release|Any CPU
	EndGlobalSection
	GlobalSection(SolutionProperties) = preSolution
		HideSolutionNode = FALSE
	EndGlobalSection
	GlobalSection(ExtensibilityGlobals) = postSolution
		SolutionGuid = {72EE0C59-684F-428D-B2CB-D270B3C5D75A}
	EndGlobalSection
EndGlobal
